// !$*UTF8*$!
{
	archiveVersion = 1;
	classes = {
	};
	objectVersion = 51;
	objects = {

/* Begin PBXBuildFile section */
		106F2E7E2758B0B900721B2A /* PlaceDetailsViewController.swift in Sources */ = {isa = PBXBuildFile; fileRef = 106F2E7D2758B0B900721B2A /* PlaceDetailsViewController.swift */; };
		106F2E822758CFD700721B2A /* Constants.swift in Sources */ = {isa = PBXBuildFile; fileRef = 106F2E812758CFD700721B2A /* Constants.swift */; };
		106F2E852758E08A00721B2A /* CurrentLocation.swift in Sources */ = {isa = PBXBuildFile; fileRef = 106F2E842758E08A00721B2A /* CurrentLocation.swift */; };
		108EC4D12757429200386449 /* CoreLocation.framework in Frameworks */ = {isa = PBXBuildFile; fileRef = 108EC4D02757429200386449 /* CoreLocation.framework */; };
		108EC4D72757A48400386449 /* NewsData.swift in Sources */ = {isa = PBXBuildFile; fileRef = 108EC4D62757A48400386449 /* NewsData.swift */; };
		108EC4D92757A4C700386449 /* NewsParsing.swift in Sources */ = {isa = PBXBuildFile; fileRef = 108EC4D82757A4C700386449 /* NewsParsing.swift */; };
		108EC4DC2757A74000386449 /* NewsTableViewCell.swift in Sources */ = {isa = PBXBuildFile; fileRef = 108EC4DB2757A74000386449 /* NewsTableViewCell.swift */; };
		108EC4DE2757AE3000386449 /* NewsItemViewController.swift in Sources */ = {isa = PBXBuildFile; fileRef = 108EC4DD2757AE3000386449 /* NewsItemViewController.swift */; };
		108EC4E02757AF5200386449 /* NewsItemTableViewCell.swift in Sources */ = {isa = PBXBuildFile; fileRef = 108EC4DF2757AF5200386449 /* NewsItemTableViewCell.swift */; };
		109D2CA92760A09800DF6F49 /* PlaceMarker.swift in Sources */ = {isa = PBXBuildFile; fileRef = 109D2CA82760A09800DF6F49 /* PlaceMarker.swift */; };
		109D2CAB2760BCA200DF6F49 /* GoogleDataProvider.swift in Sources */ = {isa = PBXBuildFile; fileRef = 109D2CAA2760BCA200DF6F49 /* GoogleDataProvider.swift */; };
		10D3EDAA275658110068380B /* AppDelegate.swift in Sources */ = {isa = PBXBuildFile; fileRef = 10D3EDA9275658110068380B /* AppDelegate.swift */; };
		10D3EDAF275658110068380B /* Main.storyboard in Resources */ = {isa = PBXBuildFile; fileRef = 10D3EDAD275658110068380B /* Main.storyboard */; };
		10D3EDB1275658170068380B /* Assets.xcassets in Resources */ = {isa = PBXBuildFile; fileRef = 10D3EDB0275658170068380B /* Assets.xcassets */; };
		10D3EDB4275658170068380B /* LaunchScreen.storyboard in Resources */ = {isa = PBXBuildFile; fileRef = 10D3EDB2275658170068380B /* LaunchScreen.storyboard */; };
		10D3EDBF275658EC0068380B /* AddDataViewController.swift in Sources */ = {isa = PBXBuildFile; fileRef = 10D3EDBC275658EC0068380B /* AddDataViewController.swift */; };
		10D3EDC0275658EC0068380B /* FindPlaceViewController.swift in Sources */ = {isa = PBXBuildFile; fileRef = 10D3EDBD275658EC0068380B /* FindPlaceViewController.swift */; };
		10D3EDC1275658EC0068380B /* NewsViewController.swift in Sources */ = {isa = PBXBuildFile; fileRef = 10D3EDBE275658EC0068380B /* NewsViewController.swift */; };
		29388B1B448CE2DC64DB3764 /* Pods_map.framework in Frameworks */ = {isa = PBXBuildFile; fileRef = 0737862D0B7533898BFDE503 /* Pods_map.framework */; };
/* End PBXBuildFile section */

/* Begin PBXFileReference section */
		0737862D0B7533898BFDE503 /* Pods_map.framework */ = {isa = PBXFileReference; explicitFileType = wrapper.framework; includeInIndex = 0; path = Pods_map.framework; sourceTree = BUILT_PRODUCTS_DIR; };
		106F2E7D2758B0B900721B2A /* PlaceDetailsViewController.swift */ = {isa = PBXFileReference; lastKnownFileType = sourcecode.swift; path = PlaceDetailsViewController.swift; sourceTree = "<group>"; };
		106F2E812758CFD700721B2A /* Constants.swift */ = {isa = PBXFileReference; lastKnownFileType = sourcecode.swift; path = Constants.swift; sourceTree = "<group>"; };
		106F2E842758E08A00721B2A /* CurrentLocation.swift */ = {isa = PBXFileReference; lastKnownFileType = sourcecode.swift; path = CurrentLocation.swift; sourceTree = "<group>"; };
		108EC4D02757429200386449 /* CoreLocation.framework */ = {isa = PBXFileReference; lastKnownFileType = wrapper.framework; name = CoreLocation.framework; path = System/Library/Frameworks/CoreLocation.framework; sourceTree = SDKROOT; };
		108EC4D62757A48400386449 /* NewsData.swift */ = {isa = PBXFileReference; lastKnownFileType = sourcecode.swift; path = NewsData.swift; sourceTree = "<group>"; };
		108EC4D82757A4C700386449 /* NewsParsing.swift */ = {isa = PBXFileReference; lastKnownFileType = sourcecode.swift; path = NewsParsing.swift; sourceTree = "<group>"; };
		108EC4DB2757A74000386449 /* NewsTableViewCell.swift */ = {isa = PBXFileReference; lastKnownFileType = sourcecode.swift; path = NewsTableViewCell.swift; sourceTree = "<group>"; };
		108EC4DD2757AE3000386449 /* NewsItemViewController.swift */ = {isa = PBXFileReference; lastKnownFileType = sourcecode.swift; path = NewsItemViewController.swift; sourceTree = "<group>"; };
		108EC4DF2757AF5200386449 /* NewsItemTableViewCell.swift */ = {isa = PBXFileReference; lastKnownFileType = sourcecode.swift; path = NewsItemTableViewCell.swift; sourceTree = "<group>"; };
		109D2CA82760A09800DF6F49 /* PlaceMarker.swift */ = {isa = PBXFileReference; lastKnownFileType = sourcecode.swift; path = PlaceMarker.swift; sourceTree = "<group>"; };
		109D2CAA2760BCA200DF6F49 /* GoogleDataProvider.swift */ = {isa = PBXFileReference; lastKnownFileType = sourcecode.swift; path = GoogleDataProvider.swift; sourceTree = "<group>"; };
		10D3EDA6275658110068380B /* map.app */ = {isa = PBXFileReference; explicitFileType = wrapper.application; includeInIndex = 0; path = map.app; sourceTree = BUILT_PRODUCTS_DIR; };
		10D3EDA9275658110068380B /* AppDelegate.swift */ = {isa = PBXFileReference; lastKnownFileType = sourcecode.swift; path = AppDelegate.swift; sourceTree = "<group>"; };
		10D3EDAE275658110068380B /* Base */ = {isa = PBXFileReference; lastKnownFileType = file.storyboard; name = Base; path = Base.lproj/Main.storyboard; sourceTree = "<group>"; };
		10D3EDB0275658170068380B /* Assets.xcassets */ = {isa = PBXFileReference; lastKnownFileType = folder.assetcatalog; path = Assets.xcassets; sourceTree = "<group>"; };
		10D3EDB3275658170068380B /* Base */ = {isa = PBXFileReference; lastKnownFileType = file.storyboard; name = Base; path = Base.lproj/LaunchScreen.storyboard; sourceTree = "<group>"; };
		10D3EDB5275658170068380B /* Info.plist */ = {isa = PBXFileReference; lastKnownFileType = text.plist.xml; path = Info.plist; sourceTree = "<group>"; };
		10D3EDBC275658EC0068380B /* AddDataViewController.swift */ = {isa = PBXFileReference; fileEncoding = 4; lastKnownFileType = sourcecode.swift; path = AddDataViewController.swift; sourceTree = "<group>"; };
		10D3EDBD275658EC0068380B /* FindPlaceViewController.swift */ = {isa = PBXFileReference; fileEncoding = 4; lastKnownFileType = sourcecode.swift; path = FindPlaceViewController.swift; sourceTree = "<group>"; };
		10D3EDBE275658EC0068380B /* NewsViewController.swift */ = {isa = PBXFileReference; fileEncoding = 4; lastKnownFileType = sourcecode.swift; path = NewsViewController.swift; sourceTree = "<group>"; };
		EEBAA0024646B92163E62870 /* Pods-map.debug.xcconfig */ = {isa = PBXFileReference; includeInIndex = 1; lastKnownFileType = text.xcconfig; name = "Pods-map.debug.xcconfig"; path = "Target Support Files/Pods-map/Pods-map.debug.xcconfig"; sourceTree = "<group>"; };
		F8A8BB7C34E1FA024BEED2BC /* Pods-map.release.xcconfig */ = {isa = PBXFileReference; includeInIndex = 1; lastKnownFileType = text.xcconfig; name = "Pods-map.release.xcconfig"; path = "Target Support Files/Pods-map/Pods-map.release.xcconfig"; sourceTree = "<group>"; };
/* End PBXFileReference section */

/* Begin PBXFrameworksBuildPhase section */
		10D3EDA3275658110068380B /* Frameworks */ = {
			isa = PBXFrameworksBuildPhase;
			buildActionMask = 2147483647;
			files = (
				108EC4D12757429200386449 /* CoreLocation.framework in Frameworks */,
				29388B1B448CE2DC64DB3764 /* Pods_map.framework in Frameworks */,
			);
			runOnlyForDeploymentPostprocessing = 0;
		};
/* End PBXFrameworksBuildPhase section */

/* Begin PBXGroup section */
		106F2E7F2758CF5A00721B2A /* Networking */ = {
			isa = PBXGroup;
			children = (
				108EC4D82757A4C700386449 /* NewsParsing.swift */,
			);
			path = Networking;
			sourceTree = "<group>";
		};
		106F2E802758CFB500721B2A /* Constants */ = {
			isa = PBXGroup;
			children = (
				106F2E812758CFD700721B2A /* Constants.swift */,
			);
			path = Constants;
			sourceTree = "<group>";
		};
		106F2E832758E05500721B2A /* Location */ = {
			isa = PBXGroup;
			children = (
				106F2E842758E08A00721B2A /* CurrentLocation.swift */,
			);
			path = Location;
			sourceTree = "<group>";
		};
		108EC4DA2757A72900386449 /* Cells */ = {
			isa = PBXGroup;
			children = (
				108EC4DB2757A74000386449 /* NewsTableViewCell.swift */,
				108EC4DF2757AF5200386449 /* NewsItemTableViewCell.swift */,
			);
			path = Cells;
			sourceTree = "<group>";
		};
		109D2CA72760A04200DF6F49 /* ViewModel */ = {
			isa = PBXGroup;
			children = (
				109D2CA82760A09800DF6F49 /* PlaceMarker.swift */,
				109D2CAA2760BCA200DF6F49 /* GoogleDataProvider.swift */,
			);
			path = ViewModel;
			sourceTree = "<group>";
		};
		10D3ED9D275658110068380B = {
			isa = PBXGroup;
			children = (
				10D3EDA8275658110068380B /* map */,
				10D3EDA7275658110068380B /* Products */,
				FB264C9B928B3C44E9054028 /* Pods */,
				D08B6F06318AEFEE977EA88C /* Frameworks */,
			);
			sourceTree = "<group>";
		};
		10D3EDA7275658110068380B /* Products */ = {
			isa = PBXGroup;
			children = (
				10D3EDA6275658110068380B /* map.app */,
			);
			name = Products;
			sourceTree = "<group>";
		};
		10D3EDA8275658110068380B /* map */ = {
			isa = PBXGroup;
			children = (
				10D3EDA9275658110068380B /* AppDelegate.swift */,
				10D3EDAD275658110068380B /* Main.storyboard */,
				10D3EDB0275658170068380B /* Assets.xcassets */,
				10D3EDB2275658170068380B /* LaunchScreen.storyboard */,
				10D3EDB5275658170068380B /* Info.plist */,
				109D2CA72760A04200DF6F49 /* ViewModel */,
				106F2E802758CFB500721B2A /* Constants */,
				106F2E832758E05500721B2A /* Location */,
				106F2E7F2758CF5A00721B2A /* Networking */,
				10D3EDC2275658F80068380B /* Model */,
				108EC4DA2757A72900386449 /* Cells */,
				10D3EDBB275658EC0068380B /* Controllers */,
			);
			path = map;
			sourceTree = "<group>";
		};
		10D3EDBB275658EC0068380B /* Controllers */ = {
			isa = PBXGroup;
			children = (
				10D3EDBC275658EC0068380B /* AddDataViewController.swift */,
				10D3EDBD275658EC0068380B /* FindPlaceViewController.swift */,
				106F2E7D2758B0B900721B2A /* PlaceDetailsViewController.swift */,
				10D3EDBE275658EC0068380B /* NewsViewController.swift */,
				108EC4DD2757AE3000386449 /* NewsItemViewController.swift */,
			);
			path = Controllers;
			sourceTree = "<group>";
		};
		10D3EDC2275658F80068380B /* Model */ = {
			isa = PBXGroup;
			children = (
				108EC4D62757A48400386449 /* NewsData.swift */,
			);
			path = Model;
			sourceTree = "<group>";
		};
		D08B6F06318AEFEE977EA88C /* Frameworks */ = {
			isa = PBXGroup;
			children = (
				108EC4D02757429200386449 /* CoreLocation.framework */,
				0737862D0B7533898BFDE503 /* Pods_map.framework */,
			);
			name = Frameworks;
			sourceTree = "<group>";
		};
		FB264C9B928B3C44E9054028 /* Pods */ = {
			isa = PBXGroup;
			children = (
				EEBAA0024646B92163E62870 /* Pods-map.debug.xcconfig */,
				F8A8BB7C34E1FA024BEED2BC /* Pods-map.release.xcconfig */,
			);
			path = Pods;
			sourceTree = "<group>";
		};
/* End PBXGroup section */

/* Begin PBXNativeTarget section */
		10D3EDA5275658110068380B /* map */ = {
			isa = PBXNativeTarget;
			buildConfigurationList = 10D3EDB8275658170068380B /* Build configuration list for PBXNativeTarget "map" */;
			buildPhases = (
				5C87AB21139E8DC8FB4C1226 /* [CP] Check Pods Manifest.lock */,
				10D3EDA2275658110068380B /* Sources */,
				10D3EDA3275658110068380B /* Frameworks */,
				10D3EDA4275658110068380B /* Resources */,
				970460A24FC1C5B5C35C441E /* [CP] Copy Pods Resources */,
			);
			buildRules = (
			);
			dependencies = (
			);
			name = map;
			productName = map;
			productReference = 10D3EDA6275658110068380B /* map.app */;
			productType = "com.apple.product-type.application";
		};
/* End PBXNativeTarget section */

/* Begin PBXProject section */
		10D3ED9E275658110068380B /* Project object */ = {
			isa = PBXProject;
			attributes = {
				LastSwiftUpdateCheck = 1000;
				LastUpgradeCheck = 1000;
				ORGANIZATIONNAME = nayan.khadase;
				TargetAttributes = {
					10D3EDA5275658110068380B = {
						CreatedOnToolsVersion = 10.0;
					};
				};
			};
			buildConfigurationList = 10D3EDA1275658110068380B /* Build configuration list for PBXProject "map" */;
			compatibilityVersion = "Xcode 9.3";
			developmentRegion = en;
			hasScannedForEncodings = 0;
			knownRegions = (
				en,
				Base,
			);
			mainGroup = 10D3ED9D275658110068380B;
			productRefGroup = 10D3EDA7275658110068380B /* Products */;
			projectDirPath = "";
			projectRoot = "";
			targets = (
				10D3EDA5275658110068380B /* map */,
			);
		};
/* End PBXProject section */

/* Begin PBXResourcesBuildPhase section */
		10D3EDA4275658110068380B /* Resources */ = {
			isa = PBXResourcesBuildPhase;
			buildActionMask = 2147483647;
			files = (
				10D3EDB4275658170068380B /* LaunchScreen.storyboard in Resources */,
				10D3EDB1275658170068380B /* Assets.xcassets in Resources */,
				10D3EDAF275658110068380B /* Main.storyboard in Resources */,
			);
			runOnlyForDeploymentPostprocessing = 0;
		};
/* End PBXResourcesBuildPhase section */

/* Begin PBXShellScriptBuildPhase section */
		5C87AB21139E8DC8FB4C1226 /* [CP] Check Pods Manifest.lock */ = {
			isa = PBXShellScriptBuildPhase;
			buildActionMask = 2147483647;
			files = (
			);
			inputFileListPaths = (
			);
			inputPaths = (
				"${PODS_PODFILE_DIR_PATH}/Podfile.lock",
				"${PODS_ROOT}/Manifest.lock",
			);
			name = "[CP] Check Pods Manifest.lock";
			outputFileListPaths = (
			);
			outputPaths = (
				"$(DERIVED_FILE_DIR)/Pods-map-checkManifestLockResult.txt",
			);
			runOnlyForDeploymentPostprocessing = 0;
			shellPath = /bin/sh;
			shellScript = "diff \"${PODS_PODFILE_DIR_PATH}/Podfile.lock\" \"${PODS_ROOT}/Manifest.lock\" > /dev/null\nif [ $? != 0 ] ; then\n    # print error to STDERR\n    echo \"error: The sandbox is not in sync with the Podfile.lock. Run 'pod install' or update your CocoaPods installation.\" >&2\n    exit 1\nfi\n# This output is used by Xcode 'outputs' to avoid re-running this script phase.\necho \"SUCCESS\" > \"${SCRIPT_OUTPUT_FILE_0}\"\n";
			showEnvVarsInLog = 0;
		};
		970460A24FC1C5B5C35C441E /* [CP] Copy Pods Resources */ = {
			isa = PBXShellScriptBuildPhase;
			buildActionMask = 2147483647;
			files = (
			);
			inputFileListPaths = (
				"${PODS_ROOT}/Target Support Files/Pods-map/Pods-map-resources-${CONFIGURATION}-input-files.xcfilelist",
			);
			name = "[CP] Copy Pods Resources";
			outputFileListPaths = (
				"${PODS_ROOT}/Target Support Files/Pods-map/Pods-map-resources-${CONFIGURATION}-output-files.xcfilelist",
			);
			runOnlyForDeploymentPostprocessing = 0;
			shellPath = /bin/sh;
			shellScript = "\"${PODS_ROOT}/Target Support Files/Pods-map/Pods-map-resources.sh\"\n";
			showEnvVarsInLog = 0;
		};
/* End PBXShellScriptBuildPhase section */

/* Begin PBXSourcesBuildPhase section */
		10D3EDA2275658110068380B /* Sources */ = {
			isa = PBXSourcesBuildPhase;
			buildActionMask = 2147483647;
			files = (
				106F2E852758E08A00721B2A /* CurrentLocation.swift in Sources */,
				109D2CAB2760BCA200DF6F49 /* GoogleDataProvider.swift in Sources */,
				10D3EDBF275658EC0068380B /* AddDataViewController.swift in Sources */,
				106F2E822758CFD700721B2A /* Constants.swift in Sources */,
				108EC4DC2757A74000386449 /* NewsTableViewCell.swift in Sources */,
				108EC4DE2757AE3000386449 /* NewsItemViewController.swift in Sources */,
				108EC4D92757A4C700386449 /* NewsParsing.swift in Sources */,
				108EC4E02757AF5200386449 /* NewsItemTableViewCell.swift in Sources */,
				10D3EDAA275658110068380B /* AppDelegate.swift in Sources */,
				106F2E7E2758B0B900721B2A /* PlaceDetailsViewController.swift in Sources */,
				109D2CA92760A09800DF6F49 /* PlaceMarker.swift in Sources */,
				10D3EDC0275658EC0068380B /* FindPlaceViewController.swift in Sources */,
				10D3EDC1275658EC0068380B /* NewsViewController.swift in Sources */,
				108EC4D72757A48400386449 /* NewsData.swift in Sources */,
			);
			runOnlyForDeploymentPostprocessing = 0;
		};
/* End PBXSourcesBuildPhase section */

/* Begin PBXVariantGroup section */
		10D3EDAD275658110068380B /* Main.storyboard */ = {
			isa = PBXVariantGroup;
			children = (
				10D3EDAE275658110068380B /* Base */,
			);
			name = Main.storyboard;
			sourceTree = "<group>";
		};
		10D3EDB2275658170068380B /* LaunchScreen.storyboard */ = {
			isa = PBXVariantGroup;
			children = (
				10D3EDB3275658170068380B /* Base */,
			);
			name = LaunchScreen.storyboard;
			sourceTree = "<group>";
		};
/* End PBXVariantGroup section */

/* Begin XCBuildConfiguration section */
		10D3EDB6275658170068380B /* Debug */ = {
			isa = XCBuildConfiguration;
			buildSettings = {
				ALWAYS_SEARCH_USER_PATHS = NO;
				CLANG_ANALYZER_NONNULL = YES;
				CLANG_ANALYZER_NUMBER_OBJECT_CONVERSION = YES_AGGRESSIVE;
				CLANG_CXX_LANGUAGE_STANDARD = "gnu++14";
				CLANG_CXX_LIBRARY = "libc++";
				CLANG_ENABLE_MODULES = YES;
				CLANG_ENABLE_OBJC_ARC = YES;
				CLANG_ENABLE_OBJC_WEAK = YES;
				CLANG_WARN_BLOCK_CAPTURE_AUTORELEASING = YES;
				CLANG_WARN_BOOL_CONVERSION = YES;
				CLANG_WARN_COMMA = YES;
				CLANG_WARN_CONSTANT_CONVERSION = YES;
				CLANG_WARN_DEPRECATED_OBJC_IMPLEMENTATIONS = YES;
				CLANG_WARN_DIRECT_OBJC_ISA_USAGE = YES_ERROR;
				CLANG_WARN_DOCUMENTATION_COMMENTS = YES;
				CLANG_WARN_EMPTY_BODY = YES;
				CLANG_WARN_ENUM_CONVERSION = YES;
				CLANG_WARN_INFINITE_RECURSION = YES;
				CLANG_WARN_INT_CONVERSION = YES;
				CLANG_WARN_NON_LITERAL_NULL_CONVERSION = YES;
				CLANG_WARN_OBJC_IMPLICIT_RETAIN_SELF = YES;
				CLANG_WARN_OBJC_LITERAL_CONVERSION = YES;
				CLANG_WARN_OBJC_ROOT_CLASS = YES_ERROR;
				CLANG_WARN_RANGE_LOOP_ANALYSIS = YES;
				CLANG_WARN_STRICT_PROTOTYPES = YES;
				CLANG_WARN_SUSPICIOUS_MOVE = YES;
				CLANG_WARN_UNGUARDED_AVAILABILITY = YES_AGGRESSIVE;
				CLANG_WARN_UNREACHABLE_CODE = YES;
				CLANG_WARN__DUPLICATE_METHOD_MATCH = YES;
				CODE_SIGN_IDENTITY = "iPhone Developer";
				COPY_PHASE_STRIP = NO;
				DEBUG_INFORMATION_FORMAT = dwarf;
				ENABLE_STRICT_OBJC_MSGSEND = YES;
				ENABLE_TESTABILITY = YES;
				GCC_C_LANGUAGE_STANDARD = gnu11;
				GCC_DYNAMIC_NO_PIC = NO;
				GCC_NO_COMMON_BLOCKS = YES;
				GCC_OPTIMIZATION_LEVEL = 0;
				GCC_PREPROCESSOR_DEFINITIONS = (
					"DEBUG=1",
					"$(inherited)",
				);
				GCC_WARN_64_TO_32_BIT_CONVERSION = YES;
				GCC_WARN_ABOUT_RETURN_TYPE = YES_ERROR;
				GCC_WARN_UNDECLARED_SELECTOR = YES;
				GCC_WARN_UNINITIALIZED_AUTOS = YES_AGGRESSIVE;
				GCC_WARN_UNUSED_FUNCTION = YES;
				GCC_WARN_UNUSED_VARIABLE = YES;
				IPHONEOS_DEPLOYMENT_TARGET = 12.0;
				MTL_ENABLE_DEBUG_INFO = INCLUDE_SOURCE;
				MTL_FAST_MATH = YES;
				ONLY_ACTIVE_ARCH = YES;
				SDKROOT = iphoneos;
				SWIFT_ACTIVE_COMPILATION_CONDITIONS = DEBUG;
				SWIFT_OPTIMIZATION_LEVEL = "-Onone";
			};
			name = Debug;
		};
		10D3EDB7275658170068380B /* Release */ = {
			isa = XCBuildConfiguration;
			buildSettings = {
				ALWAYS_SEARCH_USER_PATHS = NO;
				CLANG_ANALYZER_NONNULL = YES;
				CLANG_ANALYZER_NUMBER_OBJECT_CONVERSION = YES_AGGRESSIVE;
				CLANG_CXX_LANGUAGE_STANDARD = "gnu++14";
				CLANG_CXX_LIBRARY = "libc++";
				CLANG_ENABLE_MODULES = YES;
				CLANG_ENABLE_OBJC_ARC = YES;
				CLANG_ENABLE_OBJC_WEAK = YES;
				CLANG_WARN_BLOCK_CAPTURE_AUTORELEASING = YES;
				CLANG_WARN_BOOL_CONVERSION = YES;
				CLANG_WARN_COMMA = YES;
				CLANG_WARN_CONSTANT_CONVERSION = YES;
				CLANG_WARN_DEPRECATED_OBJC_IMPLEMENTATIONS = YES;
				CLANG_WARN_DIRECT_OBJC_ISA_USAGE = YES_ERROR;
				CLANG_WARN_DOCUMENTATION_COMMENTS = YES;
				CLANG_WARN_EMPTY_BODY = YES;
				CLANG_WARN_ENUM_CONVERSION = YES;
				CLANG_WARN_INFINITE_RECURSION = YES;
				CLANG_WARN_INT_CONVERSION = YES;
				CLANG_WARN_NON_LITERAL_NULL_CONVERSION = YES;
				CLANG_WARN_OBJC_IMPLICIT_RETAIN_SELF = YES;
				CLANG_WARN_OBJC_LITERAL_CONVERSION = YES;
				CLANG_WARN_OBJC_ROOT_CLASS = YES_ERROR;
				CLANG_WARN_RANGE_LOOP_ANALYSIS = YES;
				CLANG_WARN_STRICT_PROTOTYPES = YES;
				CLANG_WARN_SUSPICIOUS_MOVE = YES;
				CLANG_WARN_UNGUARDED_AVAILABILITY = YES_AGGRESSIVE;
				CLANG_WARN_UNREACHABLE_CODE = YES;
				CLANG_WARN__DUPLICATE_METHOD_MATCH = YES;
				CODE_SIGN_IDENTITY = "iPhone Developer";
				COPY_PHASE_STRIP = NO;
				DEBUG_INFORMATION_FORMAT = "dwarf-with-dsym";
				ENABLE_NS_ASSERTIONS = NO;
				ENABLE_STRICT_OBJC_MSGSEND = YES;
				GCC_C_LANGUAGE_STANDARD = gnu11;
				GCC_NO_COMMON_BLOCKS = YES;
				GCC_WARN_64_TO_32_BIT_CONVERSION = YES;
				GCC_WARN_ABOUT_RETURN_TYPE = YES_ERROR;
				GCC_WARN_UNDECLARED_SELECTOR = YES;
				GCC_WARN_UNINITIALIZED_AUTOS = YES_AGGRESSIVE;
				GCC_WARN_UNUSED_FUNCTION = YES;
				GCC_WARN_UNUSED_VARIABLE = YES;
				IPHONEOS_DEPLOYMENT_TARGET = 12.0;
				MTL_ENABLE_DEBUG_INFO = NO;
				MTL_FAST_MATH = YES;
				SDKROOT = iphoneos;
				SWIFT_COMPILATION_MODE = wholemodule;
				SWIFT_OPTIMIZATION_LEVEL = "-O";
				VALIDATE_PRODUCT = YES;
			};
			name = Release;
		};
		10D3EDB9275658170068380B /* Debug */ = {
			isa = XCBuildConfiguration;
			baseConfigurationReference = EEBAA0024646B92163E62870 /* Pods-map.debug.xcconfig */;
			buildSettings = {
				ASSETCATALOG_COMPILER_APPICON_NAME = AppIcon;
				CODE_SIGN_STYLE = Automatic;
				INFOPLIST_FILE = map/Info.plist;
				IPHONEOS_DEPLOYMENT_TARGET = 12.0;
				LD_RUNPATH_SEARCH_PATHS = (
					"$(inherited)",
					"@executable_path/Frameworks",
				);
				PRODUCT_BUNDLE_IDENTIFIER = com.nayan.map;
				PRODUCT_NAME = "$(TARGET_NAME)";
				SWIFT_VERSION = 4.2;
				TARGETED_DEVICE_FAMILY = "1,2";
			};
			name = Debug;
		};
		10D3EDBA275658170068380B /* Release */ = {
			isa = XCBuildConfiguration;
			baseConfigurationReference = F8A8BB7C34E1FA024BEED2BC /* Pods-map.release.xcconfig */;
			buildSettings = {
				ASSETCATALOG_COMPILER_APPICON_NAME = AppIcon;
				CODE_SIGN_STYLE = Automatic;
				INFOPLIST_FILE = map/Info.plist;
				IPHONEOS_DEPLOYMENT_TARGET = 12.0;
				LD_RUNPATH_SEARCH_PATHS = (
					"$(inherited)",
					"@executable_path/Frameworks",
				);
				PRODUCT_BUNDLE_IDENTIFIER = com.nayan.map;
				PRODUCT_NAME = "$(TARGET_NAME)";
				SWIFT_VERSION = 4.2;
				TARGETED_DEVICE_FAMILY = "1,2";
			};
			name = Release;
		};
/* End XCBuildConfiguration section */

/* Begin XCConfigurationList section */
		10D3EDA1275658110068380B /* Build configuration list for PBXProject "map" */ = {
			isa = XCConfigurationList;
			buildConfigurations = (
				10D3EDB6275658170068380B /* Debug */,
				10D3EDB7275658170068380B /* Release */,
			);
			defaultConfigurationIsVisible = 0;
			defaultConfigurationName = Release;
		};
		10D3EDB8275658170068380B /* Build configuration list for PBXNativeTarget "map" */ = {
			isa = XCConfigurationList;
			buildConfigurations = (
				10D3EDB9275658170068380B /* Debug */,
				10D3EDBA275658170068380B /* Release */,
			);
			defaultConfigurationIsVisible = 0;
			defaultConfigurationName = Release;
		};
/* End XCConfigurationList section */
	};
	rootObject = 10D3ED9E275658110068380B /* Project object */;
}
